
Microsoft Visual Studio Solution File, Format Version 12.00
# Visual Studio Version 16
VisualStudioVersion = 16.0.34301.259
MinimumVisualStudioVersion = 10.0.40219.1
Project("{FAE04EC0-301F-11D3-BF4B-00C04F79EFBC}") = "SalesTaxCalculation", "SalesTaxCalculation\SalesTaxCalculation.csproj", "{1536DE9C-F0F5-481C-B17E-0099E1351071}"
EndProject
Global
	GlobalSection(SolutionConfigurationPlatforms) = preSolution
		Debug|Any CPU = Debug|Any CPU
		Release|Any CPU = Release|Any CPU
	EndGlobalSection
	GlobalSection(ProjectConfigurationPlatforms) = postSolution
		{1536DE9C-F0F5-481C-B17E-0099E1351071}.Debug|Any CPU.ActiveCfg = Debug|Any CPU
		{1536DE9C-F0F5-481C-B17E-0099E1351071}.Debug|Any CPU.Build.0 = Debug|Any CPU
		{1536DE9C-F0F5-481C-B17E-0099E1351071}.Release|Any CPU.ActiveCfg = Release|Any CPU
		{1536DE9C-F0F5-481C-B17E-0099E1351071}.Release|Any CPU.Build.0 = Release|Any CPU
	EndGlobalSection
	GlobalSection(SolutionProperties) = preSolution
		HideSolutionNode = FALSE
	EndGlobalSection
	GlobalSection(ExtensibilityGlobals) = postSolution
		SolutionGuid = {03317C2C-B836-4AF7-A2AA-474AF50DC4A6}
	EndGlobalSection
EndGlobal
